
Microsoft Visual Studio Solution File, Format Version 12.00
# Visual Studio 14
VisualStudioVersion = 14.0.25420.1
MinimumVisualStudioVersion = 10.0.40219.1
Project("{FAE04EC0-301F-11D3-BF4B-00C04F79EFBC}") = "Sim.Module", "Sim.Module\Sim.Module.csproj", "{27C9914A-496E-4AF2-B0F0-9BB5C846017D}"
EndProject
Project("{FAE04EC0-301F-11D3-BF4B-00C04F79EFBC}") = "Sim.Tests", "Sim.Tests\Sim.Tests.csproj", "{072C6581-8330-4783-9E2C-06B074DA2AE0}"
EndProject
Project("{FAE04EC0-301F-11D3-BF4B-00C04F79EFBC}") = "Sim.Launcher", "Sim.Launcher\Sim.Launcher.csproj", "{40AF40BC-C997-4E41-8DFC-8598D1B09AB9}"
EndProject
Project("{2150E333-8FDC-42A3-9474-1A3956D46DE8}") = "Sim.Unity", "Sim.Unity", "{4D304605-69CA-4C84-85D3-2A1A44B090B0}"
EndProject
Project("{FAE04EC0-301F-11D3-BF4B-00C04F79EFBC}") = "Sim.Unity", "Sim.Unity\Sim.Unity.csproj", "{28D19BFF-2F75-151D-3503-51933AB84388}"
EndProject
Project("{FAE04EC0-301F-11D3-BF4B-00C04F79EFBC}") = "Sim.Unity.Editor", "Sim.Unity\Sim.Unity.Editor.csproj", "{7A0062D9-60E8-82F1-3C36-28441C9C6097}"
EndProject
Global
	GlobalSection(SolutionConfigurationPlatforms) = preSolution
		Debug|Any CPU = Debug|Any CPU
		Release|Any CPU = Release|Any CPU
	EndGlobalSection
	GlobalSection(ProjectConfigurationPlatforms) = postSolution
		{27C9914A-496E-4AF2-B0F0-9BB5C846017D}.Debug|Any CPU.ActiveCfg = Debug|Any CPU
		{27C9914A-496E-4AF2-B0F0-9BB5C846017D}.Debug|Any CPU.Build.0 = Debug|Any CPU
		{27C9914A-496E-4AF2-B0F0-9BB5C846017D}.Release|Any CPU.ActiveCfg = Release|Any CPU
		{27C9914A-496E-4AF2-B0F0-9BB5C846017D}.Release|Any CPU.Build.0 = Release|Any CPU
		{072C6581-8330-4783-9E2C-06B074DA2AE0}.Debug|Any CPU.ActiveCfg = Debug|Any CPU
		{072C6581-8330-4783-9E2C-06B074DA2AE0}.Debug|Any CPU.Build.0 = Debug|Any CPU
		{072C6581-8330-4783-9E2C-06B074DA2AE0}.Release|Any CPU.ActiveCfg = Release|Any CPU
		{072C6581-8330-4783-9E2C-06B074DA2AE0}.Release|Any CPU.Build.0 = Release|Any CPU
		{40AF40BC-C997-4E41-8DFC-8598D1B09AB9}.Debug|Any CPU.ActiveCfg = Debug|Any CPU
		{40AF40BC-C997-4E41-8DFC-8598D1B09AB9}.Debug|Any CPU.Build.0 = Debug|Any CPU
		{40AF40BC-C997-4E41-8DFC-8598D1B09AB9}.Release|Any CPU.ActiveCfg = Release|Any CPU
		{40AF40BC-C997-4E41-8DFC-8598D1B09AB9}.Release|Any CPU.Build.0 = Release|Any CPU
		{28D19BFF-2F75-151D-3503-51933AB84388}.Debug|Any CPU.ActiveCfg = Debug|Any CPU
		{28D19BFF-2F75-151D-3503-51933AB84388}.Release|Any CPU.ActiveCfg = Release|Any CPU
		{7A0062D9-60E8-82F1-3C36-28441C9C6097}.Debug|Any CPU.ActiveCfg = Debug|Any CPU
		{7A0062D9-60E8-82F1-3C36-28441C9C6097}.Release|Any CPU.ActiveCfg = Release|Any CPU
	EndGlobalSection
	GlobalSection(SolutionProperties) = preSolution
		HideSolutionNode = FALSE
	EndGlobalSection
	GlobalSection(NestedProjects) = preSolution
		{28D19BFF-2F75-151D-3503-51933AB84388} = {4D304605-69CA-4C84-85D3-2A1A44B090B0}
		{7A0062D9-60E8-82F1-3C36-28441C9C6097} = {4D304605-69CA-4C84-85D3-2A1A44B090B0}
	EndGlobalSection
EndGlobal
