
Microsoft Visual Studio Solution File, Format Version 12.00
# Visual Studio 2015
Project("{FAE04EC0-301F-11D3-BF4B-00C04F79EFBC}") = "Sim.Unity", "Sim.Unity.csproj", "{28D19BFF-2F75-151D-3503-51933AB84388}"
EndProject
Project("{FAE04EC0-301F-11D3-BF4B-00C04F79EFBC}") = "Sim.Unity.Editor", "Sim.Unity.Editor.csproj", "{7A0062D9-60E8-82F1-3C36-28441C9C6097}"
EndProject
Global
	GlobalSection(SolutionConfigurationPlatforms) = preSolution
		Debug|Any CPU = Debug|Any CPU
		Release|Any CPU = Release|Any CPU
	EndGlobalSection
	GlobalSection(ProjectConfigurationPlatforms) = postSolution
		{28D19BFF-2F75-151D-3503-51933AB84388}.Debug|Any CPU.ActiveCfg = Debug|Any CPU
		{28D19BFF-2F75-151D-3503-51933AB84388}.Debug|Any CPU.Build.0 = Debug|Any CPU
		{28D19BFF-2F75-151D-3503-51933AB84388}.Release|Any CPU.ActiveCfg = Release|Any CPU
		{28D19BFF-2F75-151D-3503-51933AB84388}.Release|Any CPU.Build.0 = Release|Any CPU
		{7A0062D9-60E8-82F1-3C36-28441C9C6097}.Debug|Any CPU.ActiveCfg = Debug|Any CPU
		{7A0062D9-60E8-82F1-3C36-28441C9C6097}.Debug|Any CPU.Build.0 = Debug|Any CPU
		{7A0062D9-60E8-82F1-3C36-28441C9C6097}.Release|Any CPU.ActiveCfg = Release|Any CPU
		{7A0062D9-60E8-82F1-3C36-28441C9C6097}.Release|Any CPU.Build.0 = Release|Any CPU
	EndGlobalSection
	GlobalSection(SolutionProperties) = preSolution
		HideSolutionNode = FALSE
	EndGlobalSection
EndGlobal
